
Microsoft Visual Studio Solution File, Format Version 12.00
# Visual Studio 14
VisualStudioVersion = 14.0.22823.1
MinimumVisualStudioVersion = 10.0.40219.1
Project("{FAE04EC0-301F-11D3-BF4B-00C04F79EFBC}") = "ContractOK", "ContractOK\ContractOK.csproj", "{939A9AA6-4B07-4678-89DE-91AA54508349}"
	ProjectSection(ProjectDependencies) = postProject
		{12EEB6C8-6EC1-4EAB-8FCF-56E64801B895} = {12EEB6C8-6EC1-4EAB-8FCF-56E64801B895}
		{6932F3D6-2D49-42FF-B818-401205D154FF} = {6932F3D6-2D49-42FF-B818-401205D154FF}
	EndProjectSection
EndProject
Project("{FAE04EC0-301F-11D3-BF4B-00C04F79EFBC}") = "DetectModule", "DetectModule\DetectModule.csproj", "{6932F3D6-2D49-42FF-B818-401205D154FF}"
	ProjectSection(ProjectDependencies) = postProject
		{4A77908B-2B1C-49DE-91F9-2FFCD51E7D1E} = {4A77908B-2B1C-49DE-91F9-2FFCD51E7D1E}
		{12EEB6C8-6EC1-4EAB-8FCF-56E64801B895} = {12EEB6C8-6EC1-4EAB-8FCF-56E64801B895}
	EndProjectSection
EndProject
Project("{FAE04EC0-301F-11D3-BF4B-00C04F79EFBC}") = "Commons", "Commons\Commons.csproj", "{4A77908B-2B1C-49DE-91F9-2FFCD51E7D1E}"
EndProject
Project("{FAE04EC0-301F-11D3-BF4B-00C04F79EFBC}") = "Structures", "Structures\Structures.csproj", "{12EEB6C8-6EC1-4EAB-8FCF-56E64801B895}"
EndProject
Project("{FAE04EC0-301F-11D3-BF4B-00C04F79EFBC}") = "CategorizeModule", "CategorizeModule\CategorizeModule.csproj", "{8C461B7A-AE00-4A47-83DF-58426F16200B}"
EndProject
Global
	GlobalSection(SolutionConfigurationPlatforms) = preSolution
		Debug|Any CPU = Debug|Any CPU
		Release|Any CPU = Release|Any CPU
	EndGlobalSection
	GlobalSection(ProjectConfigurationPlatforms) = postSolution
		{939A9AA6-4B07-4678-89DE-91AA54508349}.Debug|Any CPU.ActiveCfg = Debug|Any CPU
		{939A9AA6-4B07-4678-89DE-91AA54508349}.Debug|Any CPU.Build.0 = Debug|Any CPU
		{939A9AA6-4B07-4678-89DE-91AA54508349}.Release|Any CPU.ActiveCfg = Release|Any CPU
		{939A9AA6-4B07-4678-89DE-91AA54508349}.Release|Any CPU.Build.0 = Release|Any CPU
		{6932F3D6-2D49-42FF-B818-401205D154FF}.Debug|Any CPU.ActiveCfg = Debug|Any CPU
		{6932F3D6-2D49-42FF-B818-401205D154FF}.Debug|Any CPU.Build.0 = Debug|Any CPU
		{6932F3D6-2D49-42FF-B818-401205D154FF}.Release|Any CPU.ActiveCfg = Release|Any CPU
		{6932F3D6-2D49-42FF-B818-401205D154FF}.Release|Any CPU.Build.0 = Release|Any CPU
		{4A77908B-2B1C-49DE-91F9-2FFCD51E7D1E}.Debug|Any CPU.ActiveCfg = Debug|Any CPU
		{4A77908B-2B1C-49DE-91F9-2FFCD51E7D1E}.Debug|Any CPU.Build.0 = Debug|Any CPU
		{4A77908B-2B1C-49DE-91F9-2FFCD51E7D1E}.Release|Any CPU.ActiveCfg = Release|Any CPU
		{4A77908B-2B1C-49DE-91F9-2FFCD51E7D1E}.Release|Any CPU.Build.0 = Release|Any CPU
		{12EEB6C8-6EC1-4EAB-8FCF-56E64801B895}.Debug|Any CPU.ActiveCfg = Debug|Any CPU
		{12EEB6C8-6EC1-4EAB-8FCF-56E64801B895}.Debug|Any CPU.Build.0 = Debug|Any CPU
		{12EEB6C8-6EC1-4EAB-8FCF-56E64801B895}.Release|Any CPU.ActiveCfg = Release|Any CPU
		{12EEB6C8-6EC1-4EAB-8FCF-56E64801B895}.Release|Any CPU.Build.0 = Release|Any CPU
		{8C461B7A-AE00-4A47-83DF-58426F16200B}.Debug|Any CPU.ActiveCfg = Debug|Any CPU
		{8C461B7A-AE00-4A47-83DF-58426F16200B}.Debug|Any CPU.Build.0 = Debug|Any CPU
		{8C461B7A-AE00-4A47-83DF-58426F16200B}.Release|Any CPU.ActiveCfg = Release|Any CPU
		{8C461B7A-AE00-4A47-83DF-58426F16200B}.Release|Any CPU.Build.0 = Release|Any CPU
	EndGlobalSection
	GlobalSection(SolutionProperties) = preSolution
		HideSolutionNode = FALSE
	EndGlobalSection
EndGlobal
